
Microsoft Visual Studio Solution File, Format Version 12.00
# Visual Studio 15
Project("{FAE04EC0-301F-11D3-BF4B-00C04F79EFBC}") = "Meta.WitAi.Conduit", "Meta.WitAi.Conduit.csproj", "{AB921095-ACCA-70A8-ECF4-027D87E3FD51}"
EndProject
Project("{FAE04EC0-301F-11D3-BF4B-00C04F79EFBC}") = "Oculus.VR", "Oculus.VR.csproj", "{F4A95AC4-A882-0673-6549-21E6E6156D0A}"
EndProject
Project("{FAE04EC0-301F-11D3-BF4B-00C04F79EFBC}") = "Oculus.Interaction", "Oculus.Interaction.csproj", "{1135A700-CCCF-A5E2-2AA2-84A1BCBD7A6C}"
EndProject
Project("{FAE04EC0-301F-11D3-BF4B-00C04F79EFBC}") = "Oculus.Interaction.Editor", "Oculus.Interaction.Editor.csproj", "{B0FD7BAF-ABC7-5338-6027-C3F5B88CB782}"
EndProject
Project("{FAE04EC0-301F-11D3-BF4B-00C04F79EFBC}") = "Assembly-CSharp-Editor", "Assembly-CSharp-Editor.csproj", "{B319255A-DF49-AFCE-81BB-01B371880FE2}"
EndProject
Project("{FAE04EC0-301F-11D3-BF4B-00C04F79EFBC}") = "Assembly-CSharp", "Assembly-CSharp.csproj", "{C26C9FE0-2056-23EE-0FA0-771A2DE82E15}"
EndProject
Project("{FAE04EC0-301F-11D3-BF4B-00C04F79EFBC}") = "VoiceSDK.Telemetry", "VoiceSDK.Telemetry.csproj", "{7707611A-BB6A-2B49-2AB8-EB634820BCC1}"
EndProject
Project("{FAE04EC0-301F-11D3-BF4B-00C04F79EFBC}") = "Oculus.Interaction.OVR.Samples", "Oculus.Interaction.OVR.Samples.csproj", "{EC5E9A4F-3FA7-5C71-D71C-DAA85AC468F3}"
EndProject
Project("{FAE04EC0-301F-11D3-BF4B-00C04F79EFBC}") = "Meta.WitAi.Lib", "Meta.WitAi.Lib.csproj", "{9C080A03-B78C-5F03-FCF2-8046E7A7B3CC}"
EndProject
Project("{FAE04EC0-301F-11D3-BF4B-00C04F79EFBC}") = "Meta.WitAi.Editor", "Meta.WitAi.Editor.csproj", "{DE937275-F693-60AF-77D6-40BED32BEFA5}"
EndProject
Project("{FAE04EC0-301F-11D3-BF4B-00C04F79EFBC}") = "Meta.WitAi.Conduit.Editor", "Meta.WitAi.Conduit.Editor.csproj", "{C3C4DE0E-269B-9F70-94C1-5FC47A2B7D5E}"
EndProject
Project("{FAE04EC0-301F-11D3-BF4B-00C04F79EFBC}") = "Meta.WitAi", "Meta.WitAi.csproj", "{17C4B6C0-8B7D-8354-436E-E66D9BA56A81}"
EndProject
Project("{FAE04EC0-301F-11D3-BF4B-00C04F79EFBC}") = "Oculus.VR.Editor", "Oculus.VR.Editor.csproj", "{4606060E-9D68-2E11-F056-E520A59B401E}"
EndProject
Project("{FAE04EC0-301F-11D3-BF4B-00C04F79EFBC}") = "Oculus.Interaction.OVR.Editor", "Oculus.Interaction.OVR.Editor.csproj", "{F1EFC2F0-F814-B839-5F90-81C503D0AD92}"
EndProject
Project("{FAE04EC0-301F-11D3-BF4B-00C04F79EFBC}") = "Oculus.LipSync", "Oculus.LipSync.csproj", "{4E8556EB-FA52-8793-7C29-BA530DADDC21}"
EndProject
Project("{FAE04EC0-301F-11D3-BF4B-00C04F79EFBC}") = "Oculus.Interaction.OVR", "Oculus.Interaction.OVR.csproj", "{A896EC4C-B8C3-6AFD-FA66-CF8A3FB02434}"
EndProject
Project("{FAE04EC0-301F-11D3-BF4B-00C04F79EFBC}") = "VoiceSDK.Editor", "VoiceSDK.Editor.csproj", "{CC923EEC-E308-926A-E3D1-AAC16868DBCD}"
EndProject
Project("{FAE04EC0-301F-11D3-BF4B-00C04F79EFBC}") = "Meta.WitAI.Lib.Editor", "Meta.WitAI.Lib.Editor.csproj", "{BD8E014A-9149-7B6F-DA79-78D2950049B8}"
EndProject
Project("{FAE04EC0-301F-11D3-BF4B-00C04F79EFBC}") = "Oculus.AudioManager", "Oculus.AudioManager.csproj", "{B4FF785E-FA01-4943-EB66-70D442A2B923}"
EndProject
Project("{FAE04EC0-301F-11D3-BF4B-00C04F79EFBC}") = "Meta.Voice.Samples.BuiltInTimer", "Meta.Voice.Samples.BuiltInTimer.csproj", "{1AFB5FAE-AD57-93A1-6998-5E5E44E44C9D}"
EndProject
Project("{FAE04EC0-301F-11D3-BF4B-00C04F79EFBC}") = "Meta.XR.BuildingBlocks.Editor", "Meta.XR.BuildingBlocks.Editor.csproj", "{16878887-0647-029A-44BA-D11A851C55B3}"
EndProject
Project("{FAE04EC0-301F-11D3-BF4B-00C04F79EFBC}") = "Meta.Voice.VSDKHub.Editor", "Meta.Voice.VSDKHub.Editor.csproj", "{B24CA362-F6EF-D3A0-EFBA-9CF5CD4212A7}"
EndProject
Project("{FAE04EC0-301F-11D3-BF4B-00C04F79EFBC}") = "VoiceSDK.Dictation.Runtime", "VoiceSDK.Dictation.Runtime.csproj", "{963834D7-42A9-6A5D-90D5-0B986186D534}"
EndProject
Project("{FAE04EC0-301F-11D3-BF4B-00C04F79EFBC}") = "Meta.WitAi.TTS", "Meta.WitAi.TTS.csproj", "{78951501-816A-8590-1076-074DA1B71584}"
EndProject
Project("{FAE04EC0-301F-11D3-BF4B-00C04F79EFBC}") = "AssistantCoreSDKRuntime", "AssistantCoreSDKRuntime.csproj", "{FBE6735B-2452-6112-AEE3-8AB10E0FDF77}"
EndProject
Project("{FAE04EC0-301F-11D3-BF4B-00C04F79EFBC}") = "Meta.Voice.Samples.TTSVoices", "Meta.Voice.Samples.TTSVoices.csproj", "{86F33523-6370-4360-B929-EA84775F4C33}"
EndProject
Project("{FAE04EC0-301F-11D3-BF4B-00C04F79EFBC}") = "VoiceSDK.Runtime", "VoiceSDK.Runtime.csproj", "{CE076F54-4796-DCFA-4A8D-B9B7963ACB0C}"
EndProject
Project("{FAE04EC0-301F-11D3-BF4B-00C04F79EFBC}") = "Oculus.VR.Scripts.Editor", "Oculus.VR.Scripts.Editor.csproj", "{D8B90065-37AA-776B-CFC6-8474E3CDA729}"
EndProject
Project("{FAE04EC0-301F-11D3-BF4B-00C04F79EFBC}") = "Meta.Voice.Samples.LightTraits", "Meta.Voice.Samples.LightTraits.csproj", "{57FBA8E3-5075-75A4-0BC4-63C2CF0A2499}"
EndProject
Project("{FAE04EC0-301F-11D3-BF4B-00C04F79EFBC}") = "Meta.Voice.Hub.Editor", "Meta.Voice.Hub.Editor.csproj", "{67648787-3776-0673-962C-EDB83BE94E12}"
EndProject
Project("{FAE04EC0-301F-11D3-BF4B-00C04F79EFBC}") = "Oculus.Interaction.Samples.Editor", "Oculus.Interaction.Samples.Editor.csproj", "{BAAC9E9E-8137-ABF2-18F4-033EBA445E8A}"
EndProject
Project("{FAE04EC0-301F-11D3-BF4B-00C04F79EFBC}") = "Meta.WitAi.TTS.Editor", "Meta.WitAi.TTS.Editor.csproj", "{96900202-ADF7-E861-8D6C-524F70D76CD6}"
EndProject
Project("{FAE04EC0-301F-11D3-BF4B-00C04F79EFBC}") = "Meta.XR.BuildingBlocks", "Meta.XR.BuildingBlocks.csproj", "{6D6CAE66-D081-D594-8574-0208F03F03BC}"
EndProject
Project("{FAE04EC0-301F-11D3-BF4B-00C04F79EFBC}") = "Oculus.Platform.Editor", "Oculus.Platform.Editor.csproj", "{EF43C0EA-BFB6-636E-8A52-74AF6252C26A}"
EndProject
Project("{FAE04EC0-301F-11D3-BF4B-00C04F79EFBC}") = "Facebook.Wit.Dictation", "Facebook.Wit.Dictation.csproj", "{B3CA6C07-8828-0A22-97BD-3217264658B0}"
EndProject
Project("{FAE04EC0-301F-11D3-BF4B-00C04F79EFBC}") = "Oculus.Spatializer.Editor", "Oculus.Spatializer.Editor.csproj", "{38FFCED0-4C33-A663-AEBA-CB62BC54DA6C}"
EndProject
Project("{FAE04EC0-301F-11D3-BF4B-00C04F79EFBC}") = "Oculus.LipSync.Editor", "Oculus.LipSync.Editor.csproj", "{F4BA2480-5D0A-9ABF-61A1-37CF9274F0E6}"
EndProject
Project("{FAE04EC0-301F-11D3-BF4B-00C04F79EFBC}") = "Oculus.AudioManager.Utils.Editor", "Oculus.AudioManager.Utils.Editor.csproj", "{FF3B55D3-4B69-8587-ECD6-91F188AC4D99}"
EndProject
Project("{FAE04EC0-301F-11D3-BF4B-00C04F79EFBC}") = "Meta.VoiceSDK.Mic.Common", "Meta.VoiceSDK.Mic.Common.csproj", "{F5E7B526-BF06-1288-0A12-2350E0956C00}"
EndProject
Project("{FAE04EC0-301F-11D3-BF4B-00C04F79EFBC}") = "Meta.Voice.Samples.ShapesConduit", "Meta.Voice.Samples.ShapesConduit.csproj", "{E8DE165C-B3BE-C585-3280-3547E6EFF0B7}"
EndProject
Project("{FAE04EC0-301F-11D3-BF4B-00C04F79EFBC}") = "Oculus.Spatializer", "Oculus.Spatializer.csproj", "{56A66D06-D405-C174-D0EF-B35477587430}"
EndProject
Project("{FAE04EC0-301F-11D3-BF4B-00C04F79EFBC}") = "Meta.VoiceSDK.Mic.Other", "Meta.VoiceSDK.Mic.Other.csproj", "{BDBB3A12-62C6-E693-BD65-89510BC5258B}"
EndProject
Project("{FAE04EC0-301F-11D3-BF4B-00C04F79EFBC}") = "Oculus.Interaction.InterfaceSupport", "Oculus.Interaction.InterfaceSupport.csproj", "{63A22A3C-555F-AE28-3BD9-9E76B9A823EB}"
EndProject
Project("{FAE04EC0-301F-11D3-BF4B-00C04F79EFBC}") = "Oculus.AudioManager.Audio.Editor", "Oculus.AudioManager.Audio.Editor.csproj", "{BB43219B-D33C-ED88-ACEB-EC9DEC410A44}"
EndProject
Project("{FAE04EC0-301F-11D3-BF4B-00C04F79EFBC}") = "Meta.Voice.Samples.LiveUnderstanding", "Meta.Voice.Samples.LiveUnderstanding.csproj", "{F1C62E6E-6F2B-5869-5E0B-19B0464AD1F5}"
EndProject
Project("{FAE04EC0-301F-11D3-BF4B-00C04F79EFBC}") = "VoiceSDK.Dictation.Editor", "VoiceSDK.Dictation.Editor.csproj", "{C3BFE462-6CE0-1B73-12D5-CBEBB3303099}"
EndProject
Project("{FAE04EC0-301F-11D3-BF4B-00C04F79EFBC}") = "AssistantCoreSDKEditor", "AssistantCoreSDKEditor.csproj", "{511A70ED-845E-7043-3323-72356E6F562D}"
EndProject
Project("{FAE04EC0-301F-11D3-BF4B-00C04F79EFBC}") = "Meta.VoiceSDK.Mic.WebGL", "Meta.VoiceSDK.Mic.WebGL.csproj", "{5EAA0D08-717C-D24C-1C83-31FE4CD9EEE1}"
EndProject
Project("{FAE04EC0-301F-11D3-BF4B-00C04F79EFBC}") = "Meta.Voice.Hub.Runtime", "Meta.Voice.Hub.Runtime.csproj", "{09D4E0BC-EC70-F3CA-CBAB-32893C6A4948}"
EndProject
Project("{FAE04EC0-301F-11D3-BF4B-00C04F79EFBC}") = "Meta.Voice.Samples.Chess", "Meta.Voice.Samples.Chess.csproj", "{B89B967F-0236-DD17-AB48-9C55B42C230E}"
EndProject
Project("{FAE04EC0-301F-11D3-BF4B-00C04F79EFBC}") = "Meta.Voice.Samples.Dictation", "Meta.Voice.Samples.Dictation.csproj", "{40E4ED3D-8B18-391C-C047-F4571508B58E}"
EndProject
Project("{FAE04EC0-301F-11D3-BF4B-00C04F79EFBC}") = "Meta.Voice.Samples.Shapes", "Meta.Voice.Samples.Shapes.csproj", "{31033C5B-1770-ECA3-66F6-078F7FD200D0}"
EndProject
Project("{FAE04EC0-301F-11D3-BF4B-00C04F79EFBC}") = "Facebook.Wit.Dictation.Editor", "Facebook.Wit.Dictation.Editor.csproj", "{41352A92-2459-D109-C681-6FE7FF109E8B}"
EndProject
Global
	GlobalSection(SolutionConfigurationPlatforms) = preSolution
		Debug|Any CPU = Debug|Any CPU
		Release|Any CPU = Release|Any CPU
	EndGlobalSection
	GlobalSection(ProjectConfigurationPlatforms) = postSolution
		{AB921095-ACCA-70A8-ECF4-027D87E3FD51}.Debug|Any CPU.ActiveCfg = Debug|Any CPU
		{AB921095-ACCA-70A8-ECF4-027D87E3FD51}.Debug|Any CPU.Build.0 = Debug|Any CPU
		{AB921095-ACCA-70A8-ECF4-027D87E3FD51}.Release|Any CPU.ActiveCfg = Release|Any CPU
		{AB921095-ACCA-70A8-ECF4-027D87E3FD51}.Release|Any CPU.Build.0 = Release|Any CPU
		{F4A95AC4-A882-0673-6549-21E6E6156D0A}.Debug|Any CPU.ActiveCfg = Debug|Any CPU
		{F4A95AC4-A882-0673-6549-21E6E6156D0A}.Debug|Any CPU.Build.0 = Debug|Any CPU
		{F4A95AC4-A882-0673-6549-21E6E6156D0A}.Release|Any CPU.ActiveCfg = Release|Any CPU
		{F4A95AC4-A882-0673-6549-21E6E6156D0A}.Release|Any CPU.Build.0 = Release|Any CPU
		{1135A700-CCCF-A5E2-2AA2-84A1BCBD7A6C}.Debug|Any CPU.ActiveCfg = Debug|Any CPU
		{1135A700-CCCF-A5E2-2AA2-84A1BCBD7A6C}.Debug|Any CPU.Build.0 = Debug|Any CPU
		{1135A700-CCCF-A5E2-2AA2-84A1BCBD7A6C}.Release|Any CPU.ActiveCfg = Release|Any CPU
		{1135A700-CCCF-A5E2-2AA2-84A1BCBD7A6C}.Release|Any CPU.Build.0 = Release|Any CPU
		{B0FD7BAF-ABC7-5338-6027-C3F5B88CB782}.Debug|Any CPU.ActiveCfg = Debug|Any CPU
		{B0FD7BAF-ABC7-5338-6027-C3F5B88CB782}.Debug|Any CPU.Build.0 = Debug|Any CPU
		{B0FD7BAF-ABC7-5338-6027-C3F5B88CB782}.Release|Any CPU.ActiveCfg = Release|Any CPU
		{B0FD7BAF-ABC7-5338-6027-C3F5B88CB782}.Release|Any CPU.Build.0 = Release|Any CPU
		{B319255A-DF49-AFCE-81BB-01B371880FE2}.Debug|Any CPU.ActiveCfg = Debug|Any CPU
		{B319255A-DF49-AFCE-81BB-01B371880FE2}.Debug|Any CPU.Build.0 = Debug|Any CPU
		{B319255A-DF49-AFCE-81BB-01B371880FE2}.Release|Any CPU.ActiveCfg = Release|Any CPU
		{B319255A-DF49-AFCE-81BB-01B371880FE2}.Release|Any CPU.Build.0 = Release|Any CPU
		{C26C9FE0-2056-23EE-0FA0-771A2DE82E15}.Debug|Any CPU.ActiveCfg = Debug|Any CPU
		{C26C9FE0-2056-23EE-0FA0-771A2DE82E15}.Debug|Any CPU.Build.0 = Debug|Any CPU
		{C26C9FE0-2056-23EE-0FA0-771A2DE82E15}.Release|Any CPU.ActiveCfg = Release|Any CPU
		{C26C9FE0-2056-23EE-0FA0-771A2DE82E15}.Release|Any CPU.Build.0 = Release|Any CPU
		{7707611A-BB6A-2B49-2AB8-EB634820BCC1}.Debug|Any CPU.ActiveCfg = Debug|Any CPU
		{7707611A-BB6A-2B49-2AB8-EB634820BCC1}.Debug|Any CPU.Build.0 = Debug|Any CPU
		{7707611A-BB6A-2B49-2AB8-EB634820BCC1}.Release|Any CPU.ActiveCfg = Release|Any CPU
		{7707611A-BB6A-2B49-2AB8-EB634820BCC1}.Release|Any CPU.Build.0 = Release|Any CPU
		{EC5E9A4F-3FA7-5C71-D71C-DAA85AC468F3}.Debug|Any CPU.ActiveCfg = Debug|Any CPU
		{EC5E9A4F-3FA7-5C71-D71C-DAA85AC468F3}.Debug|Any CPU.Build.0 = Debug|Any CPU
		{EC5E9A4F-3FA7-5C71-D71C-DAA85AC468F3}.Release|Any CPU.ActiveCfg = Release|Any CPU
		{EC5E9A4F-3FA7-5C71-D71C-DAA85AC468F3}.Release|Any CPU.Build.0 = Release|Any CPU
		{9C080A03-B78C-5F03-FCF2-8046E7A7B3CC}.Debug|Any CPU.ActiveCfg = Debug|Any CPU
		{9C080A03-B78C-5F03-FCF2-8046E7A7B3CC}.Debug|Any CPU.Build.0 = Debug|Any CPU
		{9C080A03-B78C-5F03-FCF2-8046E7A7B3CC}.Release|Any CPU.ActiveCfg = Release|Any CPU
		{9C080A03-B78C-5F03-FCF2-8046E7A7B3CC}.Release|Any CPU.Build.0 = Release|Any CPU
		{DE937275-F693-60AF-77D6-40BED32BEFA5}.Debug|Any CPU.ActiveCfg = Debug|Any CPU
		{DE937275-F693-60AF-77D6-40BED32BEFA5}.Debug|Any CPU.Build.0 = Debug|Any CPU
		{DE937275-F693-60AF-77D6-40BED32BEFA5}.Release|Any CPU.ActiveCfg = Release|Any CPU
		{DE937275-F693-60AF-77D6-40BED32BEFA5}.Release|Any CPU.Build.0 = Release|Any CPU
		{C3C4DE0E-269B-9F70-94C1-5FC47A2B7D5E}.Debug|Any CPU.ActiveCfg = Debug|Any CPU
		{C3C4DE0E-269B-9F70-94C1-5FC47A2B7D5E}.Debug|Any CPU.Build.0 = Debug|Any CPU
		{C3C4DE0E-269B-9F70-94C1-5FC47A2B7D5E}.Release|Any CPU.ActiveCfg = Release|Any CPU
		{C3C4DE0E-269B-9F70-94C1-5FC47A2B7D5E}.Release|Any CPU.Build.0 = Release|Any CPU
		{17C4B6C0-8B7D-8354-436E-E66D9BA56A81}.Debug|Any CPU.ActiveCfg = Debug|Any CPU
		{17C4B6C0-8B7D-8354-436E-E66D9BA56A81}.Debug|Any CPU.Build.0 = Debug|Any CPU
		{17C4B6C0-8B7D-8354-436E-E66D9BA56A81}.Release|Any CPU.ActiveCfg = Release|Any CPU
		{17C4B6C0-8B7D-8354-436E-E66D9BA56A81}.Release|Any CPU.Build.0 = Release|Any CPU
		{4606060E-9D68-2E11-F056-E520A59B401E}.Debug|Any CPU.ActiveCfg = Debug|Any CPU
		{4606060E-9D68-2E11-F056-E520A59B401E}.Debug|Any CPU.Build.0 = Debug|Any CPU
		{4606060E-9D68-2E11-F056-E520A59B401E}.Release|Any CPU.ActiveCfg = Release|Any CPU
		{4606060E-9D68-2E11-F056-E520A59B401E}.Release|Any CPU.Build.0 = Release|Any CPU
		{F1EFC2F0-F814-B839-5F90-81C503D0AD92}.Debug|Any CPU.ActiveCfg = Debug|Any CPU
		{F1EFC2F0-F814-B839-5F90-81C503D0AD92}.Debug|Any CPU.Build.0 = Debug|Any CPU
		{F1EFC2F0-F814-B839-5F90-81C503D0AD92}.Release|Any CPU.ActiveCfg = Release|Any CPU
		{F1EFC2F0-F814-B839-5F90-81C503D0AD92}.Release|Any CPU.Build.0 = Release|Any CPU
		{4E8556EB-FA52-8793-7C29-BA530DADDC21}.Debug|Any CPU.ActiveCfg = Debug|Any CPU
		{4E8556EB-FA52-8793-7C29-BA530DADDC21}.Debug|Any CPU.Build.0 = Debug|Any CPU
		{4E8556EB-FA52-8793-7C29-BA530DADDC21}.Release|Any CPU.ActiveCfg = Release|Any CPU
		{4E8556EB-FA52-8793-7C29-BA530DADDC21}.Release|Any CPU.Build.0 = Release|Any CPU
		{A896EC4C-B8C3-6AFD-FA66-CF8A3FB02434}.Debug|Any CPU.ActiveCfg = Debug|Any CPU
		{A896EC4C-B8C3-6AFD-FA66-CF8A3FB02434}.Debug|Any CPU.Build.0 = Debug|Any CPU
		{A896EC4C-B8C3-6AFD-FA66-CF8A3FB02434}.Release|Any CPU.ActiveCfg = Release|Any CPU
		{A896EC4C-B8C3-6AFD-FA66-CF8A3FB02434}.Release|Any CPU.Build.0 = Release|Any CPU
		{CC923EEC-E308-926A-E3D1-AAC16868DBCD}.Debug|Any CPU.ActiveCfg = Debug|Any CPU
		{CC923EEC-E308-926A-E3D1-AAC16868DBCD}.Debug|Any CPU.Build.0 = Debug|Any CPU
		{CC923EEC-E308-926A-E3D1-AAC16868DBCD}.Release|Any CPU.ActiveCfg = Release|Any CPU
		{CC923EEC-E308-926A-E3D1-AAC16868DBCD}.Release|Any CPU.Build.0 = Release|Any CPU
		{BD8E014A-9149-7B6F-DA79-78D2950049B8}.Debug|Any CPU.ActiveCfg = Debug|Any CPU
		{BD8E014A-9149-7B6F-DA79-78D2950049B8}.Debug|Any CPU.Build.0 = Debug|Any CPU
		{BD8E014A-9149-7B6F-DA79-78D2950049B8}.Release|Any CPU.ActiveCfg = Release|Any CPU
		{BD8E014A-9149-7B6F-DA79-78D2950049B8}.Release|Any CPU.Build.0 = Release|Any CPU
		{B4FF785E-FA01-4943-EB66-70D442A2B923}.Debug|Any CPU.ActiveCfg = Debug|Any CPU
		{B4FF785E-FA01-4943-EB66-70D442A2B923}.Debug|Any CPU.Build.0 = Debug|Any CPU
		{B4FF785E-FA01-4943-EB66-70D442A2B923}.Release|Any CPU.ActiveCfg = Release|Any CPU
		{B4FF785E-FA01-4943-EB66-70D442A2B923}.Release|Any CPU.Build.0 = Release|Any CPU
		{1AFB5FAE-AD57-93A1-6998-5E5E44E44C9D}.Debug|Any CPU.ActiveCfg = Debug|Any CPU
		{1AFB5FAE-AD57-93A1-6998-5E5E44E44C9D}.Debug|Any CPU.Build.0 = Debug|Any CPU
		{1AFB5FAE-AD57-93A1-6998-5E5E44E44C9D}.Release|Any CPU.ActiveCfg = Release|Any CPU
		{1AFB5FAE-AD57-93A1-6998-5E5E44E44C9D}.Release|Any CPU.Build.0 = Release|Any CPU
		{16878887-0647-029A-44BA-D11A851C55B3}.Debug|Any CPU.ActiveCfg = Debug|Any CPU
		{16878887-0647-029A-44BA-D11A851C55B3}.Debug|Any CPU.Build.0 = Debug|Any CPU
		{16878887-0647-029A-44BA-D11A851C55B3}.Release|Any CPU.ActiveCfg = Release|Any CPU
		{16878887-0647-029A-44BA-D11A851C55B3}.Release|Any CPU.Build.0 = Release|Any CPU
		{B24CA362-F6EF-D3A0-EFBA-9CF5CD4212A7}.Debug|Any CPU.ActiveCfg = Debug|Any CPU
		{B24CA362-F6EF-D3A0-EFBA-9CF5CD4212A7}.Debug|Any CPU.Build.0 = Debug|Any CPU
		{B24CA362-F6EF-D3A0-EFBA-9CF5CD4212A7}.Release|Any CPU.ActiveCfg = Release|Any CPU
		{B24CA362-F6EF-D3A0-EFBA-9CF5CD4212A7}.Release|Any CPU.Build.0 = Release|Any CPU
		{963834D7-42A9-6A5D-90D5-0B986186D534}.Debug|Any CPU.ActiveCfg = Debug|Any CPU
		{963834D7-42A9-6A5D-90D5-0B986186D534}.Debug|Any CPU.Build.0 = Debug|Any CPU
		{963834D7-42A9-6A5D-90D5-0B986186D534}.Release|Any CPU.ActiveCfg = Release|Any CPU
		{963834D7-42A9-6A5D-90D5-0B986186D534}.Release|Any CPU.Build.0 = Release|Any CPU
		{78951501-816A-8590-1076-074DA1B71584}.Debug|Any CPU.ActiveCfg = Debug|Any CPU
		{78951501-816A-8590-1076-074DA1B71584}.Debug|Any CPU.Build.0 = Debug|Any CPU
		{78951501-816A-8590-1076-074DA1B71584}.Release|Any CPU.ActiveCfg = Release|Any CPU
		{78951501-816A-8590-1076-074DA1B71584}.Release|Any CPU.Build.0 = Release|Any CPU
		{FBE6735B-2452-6112-AEE3-8AB10E0FDF77}.Debug|Any CPU.ActiveCfg = Debug|Any CPU
		{FBE6735B-2452-6112-AEE3-8AB10E0FDF77}.Debug|Any CPU.Build.0 = Debug|Any CPU
		{FBE6735B-2452-6112-AEE3-8AB10E0FDF77}.Release|Any CPU.ActiveCfg = Release|Any CPU
		{FBE6735B-2452-6112-AEE3-8AB10E0FDF77}.Release|Any CPU.Build.0 = Release|Any CPU
		{86F33523-6370-4360-B929-EA84775F4C33}.Debug|Any CPU.ActiveCfg = Debug|Any CPU
		{86F33523-6370-4360-B929-EA84775F4C33}.Debug|Any CPU.Build.0 = Debug|Any CPU
		{86F33523-6370-4360-B929-EA84775F4C33}.Release|Any CPU.ActiveCfg = Release|Any CPU
		{86F33523-6370-4360-B929-EA84775F4C33}.Release|Any CPU.Build.0 = Release|Any CPU
		{CE076F54-4796-DCFA-4A8D-B9B7963ACB0C}.Debug|Any CPU.ActiveCfg = Debug|Any CPU
		{CE076F54-4796-DCFA-4A8D-B9B7963ACB0C}.Debug|Any CPU.Build.0 = Debug|Any CPU
		{CE076F54-4796-DCFA-4A8D-B9B7963ACB0C}.Release|Any CPU.ActiveCfg = Release|Any CPU
		{CE076F54-4796-DCFA-4A8D-B9B7963ACB0C}.Release|Any CPU.Build.0 = Release|Any CPU
		{D8B90065-37AA-776B-CFC6-8474E3CDA729}.Debug|Any CPU.ActiveCfg = Debug|Any CPU
		{D8B90065-37AA-776B-CFC6-8474E3CDA729}.Debug|Any CPU.Build.0 = Debug|Any CPU
		{D8B90065-37AA-776B-CFC6-8474E3CDA729}.Release|Any CPU.ActiveCfg = Release|Any CPU
		{D8B90065-37AA-776B-CFC6-8474E3CDA729}.Release|Any CPU.Build.0 = Release|Any CPU
		{57FBA8E3-5075-75A4-0BC4-63C2CF0A2499}.Debug|Any CPU.ActiveCfg = Debug|Any CPU
		{57FBA8E3-5075-75A4-0BC4-63C2CF0A2499}.Debug|Any CPU.Build.0 = Debug|Any CPU
		{57FBA8E3-5075-75A4-0BC4-63C2CF0A2499}.Release|Any CPU.ActiveCfg = Release|Any CPU
		{57FBA8E3-5075-75A4-0BC4-63C2CF0A2499}.Release|Any CPU.Build.0 = Release|Any CPU
		{67648787-3776-0673-962C-EDB83BE94E12}.Debug|Any CPU.ActiveCfg = Debug|Any CPU
		{67648787-3776-0673-962C-EDB83BE94E12}.Debug|Any CPU.Build.0 = Debug|Any CPU
		{67648787-3776-0673-962C-EDB83BE94E12}.Release|Any CPU.ActiveCfg = Release|Any CPU
		{67648787-3776-0673-962C-EDB83BE94E12}.Release|Any CPU.Build.0 = Release|Any CPU
		{BAAC9E9E-8137-ABF2-18F4-033EBA445E8A}.Debug|Any CPU.ActiveCfg = Debug|Any CPU
		{BAAC9E9E-8137-ABF2-18F4-033EBA445E8A}.Debug|Any CPU.Build.0 = Debug|Any CPU
		{BAAC9E9E-8137-ABF2-18F4-033EBA445E8A}.Release|Any CPU.ActiveCfg = Release|Any CPU
		{BAAC9E9E-8137-ABF2-18F4-033EBA445E8A}.Release|Any CPU.Build.0 = Release|Any CPU
		{96900202-ADF7-E861-8D6C-524F70D76CD6}.Debug|Any CPU.ActiveCfg = Debug|Any CPU
		{96900202-ADF7-E861-8D6C-524F70D76CD6}.Debug|Any CPU.Build.0 = Debug|Any CPU
		{96900202-ADF7-E861-8D6C-524F70D76CD6}.Release|Any CPU.ActiveCfg = Release|Any CPU
		{96900202-ADF7-E861-8D6C-524F70D76CD6}.Release|Any CPU.Build.0 = Release|Any CPU
		{6D6CAE66-D081-D594-8574-0208F03F03BC}.Debug|Any CPU.ActiveCfg = Debug|Any CPU
		{6D6CAE66-D081-D594-8574-0208F03F03BC}.Debug|Any CPU.Build.0 = Debug|Any CPU
		{6D6CAE66-D081-D594-8574-0208F03F03BC}.Release|Any CPU.ActiveCfg = Release|Any CPU
		{6D6CAE66-D081-D594-8574-0208F03F03BC}.Release|Any CPU.Build.0 = Release|Any CPU
		{EF43C0EA-BFB6-636E-8A52-74AF6252C26A}.Debug|Any CPU.ActiveCfg = Debug|Any CPU
		{EF43C0EA-BFB6-636E-8A52-74AF6252C26A}.Debug|Any CPU.Build.0 = Debug|Any CPU
		{EF43C0EA-BFB6-636E-8A52-74AF6252C26A}.Release|Any CPU.ActiveCfg = Release|Any CPU
		{EF43C0EA-BFB6-636E-8A52-74AF6252C26A}.Release|Any CPU.Build.0 = Release|Any CPU
		{B3CA6C07-8828-0A22-97BD-3217264658B0}.Debug|Any CPU.ActiveCfg = Debug|Any CPU
		{B3CA6C07-8828-0A22-97BD-3217264658B0}.Debug|Any CPU.Build.0 = Debug|Any CPU
		{B3CA6C07-8828-0A22-97BD-3217264658B0}.Release|Any CPU.ActiveCfg = Release|Any CPU
		{B3CA6C07-8828-0A22-97BD-3217264658B0}.Release|Any CPU.Build.0 = Release|Any CPU
		{38FFCED0-4C33-A663-AEBA-CB62BC54DA6C}.Debug|Any CPU.ActiveCfg = Debug|Any CPU
		{38FFCED0-4C33-A663-AEBA-CB62BC54DA6C}.Debug|Any CPU.Build.0 = Debug|Any CPU
		{38FFCED0-4C33-A663-AEBA-CB62BC54DA6C}.Release|Any CPU.ActiveCfg = Release|Any CPU
		{38FFCED0-4C33-A663-AEBA-CB62BC54DA6C}.Release|Any CPU.Build.0 = Release|Any CPU
		{F4BA2480-5D0A-9ABF-61A1-37CF9274F0E6}.Debug|Any CPU.ActiveCfg = Debug|Any CPU
		{F4BA2480-5D0A-9ABF-61A1-37CF9274F0E6}.Debug|Any CPU.Build.0 = Debug|Any CPU
		{F4BA2480-5D0A-9ABF-61A1-37CF9274F0E6}.Release|Any CPU.ActiveCfg = Release|Any CPU
		{F4BA2480-5D0A-9ABF-61A1-37CF9274F0E6}.Release|Any CPU.Build.0 = Release|Any CPU
		{FF3B55D3-4B69-8587-ECD6-91F188AC4D99}.Debug|Any CPU.ActiveCfg = Debug|Any CPU
		{FF3B55D3-4B69-8587-ECD6-91F188AC4D99}.Debug|Any CPU.Build.0 = Debug|Any CPU
		{FF3B55D3-4B69-8587-ECD6-91F188AC4D99}.Release|Any CPU.ActiveCfg = Release|Any CPU
		{FF3B55D3-4B69-8587-ECD6-91F188AC4D99}.Release|Any CPU.Build.0 = Release|Any CPU
		{F5E7B526-BF06-1288-0A12-2350E0956C00}.Debug|Any CPU.ActiveCfg = Debug|Any CPU
		{F5E7B526-BF06-1288-0A12-2350E0956C00}.Debug|Any CPU.Build.0 = Debug|Any CPU
		{F5E7B526-BF06-1288-0A12-2350E0956C00}.Release|Any CPU.ActiveCfg = Release|Any CPU
		{F5E7B526-BF06-1288-0A12-2350E0956C00}.Release|Any CPU.Build.0 = Release|Any CPU
		{E8DE165C-B3BE-C585-3280-3547E6EFF0B7}.Debug|Any CPU.ActiveCfg = Debug|Any CPU
		{E8DE165C-B3BE-C585-3280-3547E6EFF0B7}.Debug|Any CPU.Build.0 = Debug|Any CPU
		{E8DE165C-B3BE-C585-3280-3547E6EFF0B7}.Release|Any CPU.ActiveCfg = Release|Any CPU
		{E8DE165C-B3BE-C585-3280-3547E6EFF0B7}.Release|Any CPU.Build.0 = Release|Any CPU
		{56A66D06-D405-C174-D0EF-B35477587430}.Debug|Any CPU.ActiveCfg = Debug|Any CPU
		{56A66D06-D405-C174-D0EF-B35477587430}.Debug|Any CPU.Build.0 = Debug|Any CPU
		{56A66D06-D405-C174-D0EF-B35477587430}.Release|Any CPU.ActiveCfg = Release|Any CPU
		{56A66D06-D405-C174-D0EF-B35477587430}.Release|Any CPU.Build.0 = Release|Any CPU
		{BDBB3A12-62C6-E693-BD65-89510BC5258B}.Debug|Any CPU.ActiveCfg = Debug|Any CPU
		{BDBB3A12-62C6-E693-BD65-89510BC5258B}.Debug|Any CPU.Build.0 = Debug|Any CPU
		{BDBB3A12-62C6-E693-BD65-89510BC5258B}.Release|Any CPU.ActiveCfg = Release|Any CPU
		{BDBB3A12-62C6-E693-BD65-89510BC5258B}.Release|Any CPU.Build.0 = Release|Any CPU
		{63A22A3C-555F-AE28-3BD9-9E76B9A823EB}.Debug|Any CPU.ActiveCfg = Debug|Any CPU
		{63A22A3C-555F-AE28-3BD9-9E76B9A823EB}.Debug|Any CPU.Build.0 = Debug|Any CPU
		{63A22A3C-555F-AE28-3BD9-9E76B9A823EB}.Release|Any CPU.ActiveCfg = Release|Any CPU
		{63A22A3C-555F-AE28-3BD9-9E76B9A823EB}.Release|Any CPU.Build.0 = Release|Any CPU
		{BB43219B-D33C-ED88-ACEB-EC9DEC410A44}.Debug|Any CPU.ActiveCfg = Debug|Any CPU
		{BB43219B-D33C-ED88-ACEB-EC9DEC410A44}.Debug|Any CPU.Build.0 = Debug|Any CPU
		{BB43219B-D33C-ED88-ACEB-EC9DEC410A44}.Release|Any CPU.ActiveCfg = Release|Any CPU
		{BB43219B-D33C-ED88-ACEB-EC9DEC410A44}.Release|Any CPU.Build.0 = Release|Any CPU
		{F1C62E6E-6F2B-5869-5E0B-19B0464AD1F5}.Debug|Any CPU.ActiveCfg = Debug|Any CPU
		{F1C62E6E-6F2B-5869-5E0B-19B0464AD1F5}.Debug|Any CPU.Build.0 = Debug|Any CPU
		{F1C62E6E-6F2B-5869-5E0B-19B0464AD1F5}.Release|Any CPU.ActiveCfg = Release|Any CPU
		{F1C62E6E-6F2B-5869-5E0B-19B0464AD1F5}.Release|Any CPU.Build.0 = Release|Any CPU
		{C3BFE462-6CE0-1B73-12D5-CBEBB3303099}.Debug|Any CPU.ActiveCfg = Debug|Any CPU
		{C3BFE462-6CE0-1B73-12D5-CBEBB3303099}.Debug|Any CPU.Build.0 = Debug|Any CPU
		{C3BFE462-6CE0-1B73-12D5-CBEBB3303099}.Release|Any CPU.ActiveCfg = Release|Any CPU
		{C3BFE462-6CE0-1B73-12D5-CBEBB3303099}.Release|Any CPU.Build.0 = Release|Any CPU
		{511A70ED-845E-7043-3323-72356E6F562D}.Debug|Any CPU.ActiveCfg = Debug|Any CPU
		{511A70ED-845E-7043-3323-72356E6F562D}.Debug|Any CPU.Build.0 = Debug|Any CPU
		{511A70ED-845E-7043-3323-72356E6F562D}.Release|Any CPU.ActiveCfg = Release|Any CPU
		{511A70ED-845E-7043-3323-72356E6F562D}.Release|Any CPU.Build.0 = Release|Any CPU
		{5EAA0D08-717C-D24C-1C83-31FE4CD9EEE1}.Debug|Any CPU.ActiveCfg = Debug|Any CPU
		{5EAA0D08-717C-D24C-1C83-31FE4CD9EEE1}.Debug|Any CPU.Build.0 = Debug|Any CPU
		{5EAA0D08-717C-D24C-1C83-31FE4CD9EEE1}.Release|Any CPU.ActiveCfg = Release|Any CPU
		{5EAA0D08-717C-D24C-1C83-31FE4CD9EEE1}.Release|Any CPU.Build.0 = Release|Any CPU
		{09D4E0BC-EC70-F3CA-CBAB-32893C6A4948}.Debug|Any CPU.ActiveCfg = Debug|Any CPU
		{09D4E0BC-EC70-F3CA-CBAB-32893C6A4948}.Debug|Any CPU.Build.0 = Debug|Any CPU
		{09D4E0BC-EC70-F3CA-CBAB-32893C6A4948}.Release|Any CPU.ActiveCfg = Release|Any CPU
		{09D4E0BC-EC70-F3CA-CBAB-32893C6A4948}.Release|Any CPU.Build.0 = Release|Any CPU
		{B89B967F-0236-DD17-AB48-9C55B42C230E}.Debug|Any CPU.ActiveCfg = Debug|Any CPU
		{B89B967F-0236-DD17-AB48-9C55B42C230E}.Debug|Any CPU.Build.0 = Debug|Any CPU
		{B89B967F-0236-DD17-AB48-9C55B42C230E}.Release|Any CPU.ActiveCfg = Release|Any CPU
		{B89B967F-0236-DD17-AB48-9C55B42C230E}.Release|Any CPU.Build.0 = Release|Any CPU
		{40E4ED3D-8B18-391C-C047-F4571508B58E}.Debug|Any CPU.ActiveCfg = Debug|Any CPU
		{40E4ED3D-8B18-391C-C047-F4571508B58E}.Debug|Any CPU.Build.0 = Debug|Any CPU
		{40E4ED3D-8B18-391C-C047-F4571508B58E}.Release|Any CPU.ActiveCfg = Release|Any CPU
		{40E4ED3D-8B18-391C-C047-F4571508B58E}.Release|Any CPU.Build.0 = Release|Any CPU
		{31033C5B-1770-ECA3-66F6-078F7FD200D0}.Debug|Any CPU.ActiveCfg = Debug|Any CPU
		{31033C5B-1770-ECA3-66F6-078F7FD200D0}.Debug|Any CPU.Build.0 = Debug|Any CPU
		{31033C5B-1770-ECA3-66F6-078F7FD200D0}.Release|Any CPU.ActiveCfg = Release|Any CPU
		{31033C5B-1770-ECA3-66F6-078F7FD200D0}.Release|Any CPU.Build.0 = Release|Any CPU
		{41352A92-2459-D109-C681-6FE7FF109E8B}.Debug|Any CPU.ActiveCfg = Debug|Any CPU
		{41352A92-2459-D109-C681-6FE7FF109E8B}.Debug|Any CPU.Build.0 = Debug|Any CPU
		{41352A92-2459-D109-C681-6FE7FF109E8B}.Release|Any CPU.ActiveCfg = Release|Any CPU
		{41352A92-2459-D109-C681-6FE7FF109E8B}.Release|Any CPU.Build.0 = Release|Any CPU
	EndGlobalSection
	GlobalSection(SolutionProperties) = preSolution
		HideSolutionNode = FALSE
	EndGlobalSection
EndGlobal
